
Microsoft Visual Studio Solution File, Format Version 12.00
# Visual Studio 2012
Project("{FAE04EC0-301F-11D3-BF4B-00C04F79EFBC}") = "uapa", "uapa\uapa.csproj", "{D09489AB-6BF8-4CEA-891F-876C2E16F666}"
EndProject
Global
	GlobalSection(SolutionConfigurationPlatforms) = preSolution
		Debug|Any CPU = Debug|Any CPU
		Release|Any CPU = Release|Any CPU
	EndGlobalSection
	GlobalSection(ProjectConfigurationPlatforms) = postSolution
		{D09489AB-6BF8-4CEA-891F-876C2E16F666}.Debug|Any CPU.ActiveCfg = Debug|Any CPU
		{D09489AB-6BF8-4CEA-891F-876C2E16F666}.Debug|Any CPU.Build.0 = Debug|Any CPU
		{D09489AB-6BF8-4CEA-891F-876C2E16F666}.Release|Any CPU.ActiveCfg = Release|Any CPU
		{D09489AB-6BF8-4CEA-891F-876C2E16F666}.Release|Any CPU.Build.0 = Release|Any CPU
	EndGlobalSection
EndGlobal
